
Microsoft Visual Studio Solution File, Format Version 12.00
# Visual Studio Version 17
VisualStudioVersion = 17.8.34408.163
MinimumVisualStudioVersion = 10.0.40219.1
Project("{FAE04EC0-301F-11D3-BF4B-00C04F79EFBC}") = "MantelGroup.LogParser", "MantelGroup.LogParser.csproj", "{9368C58F-E3D1-46EE-84FE-A24709958F78}"
EndProject
Project("{2150E333-8FDC-42A3-9474-1A3956D46DE8}") = "SolutionItems", "SolutionItems", "{D801B907-E91D-4283-9A52-902BF88B2BE6}"
	ProjectSection(SolutionItems) = preProject
		..\README.md = ..\README.md
	EndProjectSection
EndProject
Global
	GlobalSection(SolutionConfigurationPlatforms) = preSolution
		Debug|Any CPU = Debug|Any CPU
		Release|Any CPU = Release|Any CPU
	EndGlobalSection
	GlobalSection(ProjectConfigurationPlatforms) = postSolution
		{9368C58F-E3D1-46EE-84FE-A24709958F78}.Debug|Any CPU.ActiveCfg = Debug|Any CPU
		{9368C58F-E3D1-46EE-84FE-A24709958F78}.Debug|Any CPU.Build.0 = Debug|Any CPU
		{9368C58F-E3D1-46EE-84FE-A24709958F78}.Release|Any CPU.ActiveCfg = Release|Any CPU
		{9368C58F-E3D1-46EE-84FE-A24709958F78}.Release|Any CPU.Build.0 = Release|Any CPU
	EndGlobalSection
	GlobalSection(SolutionProperties) = preSolution
		HideSolutionNode = FALSE
	EndGlobalSection
	GlobalSection(ExtensibilityGlobals) = postSolution
		SolutionGuid = {936F5F55-0DDA-41A8-95A3-15BA65DE5161}
	EndGlobalSection
EndGlobal
